
Microsoft Visual Studio Solution File, Format Version 12.00
# Visual Studio Version 16
VisualStudioVersion = 16.0.30907.101
MinimumVisualStudioVersion = 10.0.40219.1
Project("{9A19103F-16F7-4668-BE54-9A1E7A4F7556}") = "SoftwareDesign", "SoftwareDesign.csproj", "{C67CB979-EACF-4C66-9B04-E89279A9A132}"
EndProject
Project("{FAE04EC0-301F-11D3-BF4B-00C04F79EFBC}") = "SoftwareDesign.Tests", "..\SoftwareDesign.Tests\SoftwareDesign.Tests.csproj", "{EB9AC20A-A923-40FD-90EA-12DCB3F219F4}"
EndProject
Global
	GlobalSection(SolutionConfigurationPlatforms) = preSolution
		Debug|Any CPU = Debug|Any CPU
		Release|Any CPU = Release|Any CPU
	EndGlobalSection
	GlobalSection(ProjectConfigurationPlatforms) = postSolution
		{C67CB979-EACF-4C66-9B04-E89279A9A132}.Debug|Any CPU.ActiveCfg = Debug|Any CPU
		{C67CB979-EACF-4C66-9B04-E89279A9A132}.Debug|Any CPU.Build.0 = Debug|Any CPU
		{C67CB979-EACF-4C66-9B04-E89279A9A132}.Release|Any CPU.ActiveCfg = Release|Any CPU
		{C67CB979-EACF-4C66-9B04-E89279A9A132}.Release|Any CPU.Build.0 = Release|Any CPU
		{EB9AC20A-A923-40FD-90EA-12DCB3F219F4}.Debug|Any CPU.ActiveCfg = Debug|Any CPU
		{EB9AC20A-A923-40FD-90EA-12DCB3F219F4}.Debug|Any CPU.Build.0 = Debug|Any CPU
		{EB9AC20A-A923-40FD-90EA-12DCB3F219F4}.Release|Any CPU.ActiveCfg = Release|Any CPU
		{EB9AC20A-A923-40FD-90EA-12DCB3F219F4}.Release|Any CPU.Build.0 = Release|Any CPU
	EndGlobalSection
	GlobalSection(SolutionProperties) = preSolution
		HideSolutionNode = FALSE
	EndGlobalSection
	GlobalSection(ExtensibilityGlobals) = postSolution
		SolutionGuid = {6039CDED-289C-4049-876D-E25ECDDB76A2}
	EndGlobalSection
EndGlobal
